
Microsoft Visual Studio Solution File, Format Version 12.00
# Visual Studio 14
VisualStudioVersion = 14.0.25123.0
MinimumVisualStudioVersion = 10.0.40219.1
Project("{FAE04EC0-301F-11D3-BF4B-00C04F79EFBC}") = "SCWorldEdit", "SCWorldEdit\SCWorldEdit.csproj", "{60700D05-9759-4C7B-BE3E-D48FAFD09566}"
EndProject
Project("{FAE04EC0-301F-11D3-BF4B-00C04F79EFBC}") = "ICSharpCode.SharpZipLib", "..\SharpZipLib\ICSharpCode.SharpZipLib\ICSharpCode.SharpZipLib.csproj", "{0E7413FF-EB9E-4714-ACF2-BE3A6A7B2FFD}"
EndProject
Project("{FAE04EC0-301F-11D3-BF4B-00C04F79EFBC}") = "ServiceLocator", "..\ServiceLocator\ServiceLocator\ServiceLocator.csproj", "{EDCB23D1-4C72-4D3C-B49F-3DA43550B792}"
EndProject
Project("{FAE04EC0-301F-11D3-BF4B-00C04F79EFBC}") = "DialogService", "..\DialogService\DialogService\DialogService.csproj", "{82EFF267-3F43-4AE9-880B-E80CC28C305B}"
EndProject
Global
	GlobalSection(SolutionConfigurationPlatforms) = preSolution
		Debug|Any CPU = Debug|Any CPU
		Release|Any CPU = Release|Any CPU
	EndGlobalSection
	GlobalSection(ProjectConfigurationPlatforms) = postSolution
		{60700D05-9759-4C7B-BE3E-D48FAFD09566}.Debug|Any CPU.ActiveCfg = Debug|Any CPU
		{60700D05-9759-4C7B-BE3E-D48FAFD09566}.Debug|Any CPU.Build.0 = Debug|Any CPU
		{60700D05-9759-4C7B-BE3E-D48FAFD09566}.Release|Any CPU.ActiveCfg = Release|Any CPU
		{60700D05-9759-4C7B-BE3E-D48FAFD09566}.Release|Any CPU.Build.0 = Release|Any CPU
		{0E7413FF-EB9E-4714-ACF2-BE3A6A7B2FFD}.Debug|Any CPU.ActiveCfg = Debug|Any CPU
		{0E7413FF-EB9E-4714-ACF2-BE3A6A7B2FFD}.Debug|Any CPU.Build.0 = Debug|Any CPU
		{0E7413FF-EB9E-4714-ACF2-BE3A6A7B2FFD}.Release|Any CPU.ActiveCfg = Release|Any CPU
		{0E7413FF-EB9E-4714-ACF2-BE3A6A7B2FFD}.Release|Any CPU.Build.0 = Release|Any CPU
		{EDCB23D1-4C72-4D3C-B49F-3DA43550B792}.Debug|Any CPU.ActiveCfg = Debug|Any CPU
		{EDCB23D1-4C72-4D3C-B49F-3DA43550B792}.Debug|Any CPU.Build.0 = Debug|Any CPU
		{EDCB23D1-4C72-4D3C-B49F-3DA43550B792}.Release|Any CPU.ActiveCfg = Release|Any CPU
		{EDCB23D1-4C72-4D3C-B49F-3DA43550B792}.Release|Any CPU.Build.0 = Release|Any CPU
		{82EFF267-3F43-4AE9-880B-E80CC28C305B}.Debug|Any CPU.ActiveCfg = Debug|Any CPU
		{82EFF267-3F43-4AE9-880B-E80CC28C305B}.Debug|Any CPU.Build.0 = Debug|Any CPU
		{82EFF267-3F43-4AE9-880B-E80CC28C305B}.Release|Any CPU.ActiveCfg = Release|Any CPU
		{82EFF267-3F43-4AE9-880B-E80CC28C305B}.Release|Any CPU.Build.0 = Release|Any CPU
	EndGlobalSection
	GlobalSection(SolutionProperties) = preSolution
		HideSolutionNode = FALSE
	EndGlobalSection
EndGlobal
